
Microsoft Visual Studio Solution File, Format Version 12.00
# Visual Studio 2013
VisualStudioVersion = 12.0.31101.0
MinimumVisualStudioVersion = 10.0.40219.1
Project("{FAE04EC0-301F-11D3-BF4B-00C04F79EFBC}") = "JosephM.Xrm.Autonumber", "JosephM.Xrm.Autonumber\JosephM.Xrm.Autonumber.csproj", "{C1680534-FA12-4C76-A7A4-4F1843D7DCC2}"
EndProject
Project("{FAE04EC0-301F-11D3-BF4B-00C04F79EFBC}") = "JosephM.Xrm.Autonumber.Test", "JosephM.Xrm.Autonumber.Test\JosephM.Xrm.Autonumber.Test.csproj", "{D2DD2587-B577-487B-BF48-6B364D9958BD}"
EndProject
Project("{FAE04EC0-301F-11D3-BF4B-00C04F79EFBC}") = "JosephM.Xrm.Autonumber.EncryptXrmConfig", "JosephM.Xrm.Autonumber.EncryptXrmConfig\JosephM.Xrm.Autonumber.EncryptXrmConfig.csproj", "{EEED9F66-183F-41EA-A07C-14A17C05811F}"
EndProject
Project("{2150E333-8FDC-42A3-9474-1A3956D46DE8}") = "Solution Items", "Solution Items", "{F3F661C9-1761-4285-86A1-3870DA9283CE}"
	ProjectSection(SolutionItems) = preProject
		Solution Items\Customisations.xls = Solution Items\Customisations.xls
		Solution Items\JosephMcGregorAutonumber_unmanaged.zip = Solution Items\JosephMcGregorAutonumber_unmanaged.zip
	EndProjectSection
EndProject
Project("{2150E333-8FDC-42A3-9474-1A3956D46DE8}") = "Read Me", "Read Me", "{599B52D6-3801-4657-AE0C-51B0C4006C39}"
	ProjectSection(SolutionItems) = preProject
		Read Me\Configuring Test Script.docx = Read Me\Configuring Test Script.docx
		Read Me\Solution Details.docx = Read Me\Solution Details.docx
	EndProjectSection
EndProject
Global
	GlobalSection(SolutionConfigurationPlatforms) = preSolution
		Debug|Any CPU = Debug|Any CPU
		Release|Any CPU = Release|Any CPU
	EndGlobalSection
	GlobalSection(ProjectConfigurationPlatforms) = postSolution
		{C1680534-FA12-4C76-A7A4-4F1843D7DCC2}.Debug|Any CPU.ActiveCfg = Debug|Any CPU
		{C1680534-FA12-4C76-A7A4-4F1843D7DCC2}.Debug|Any CPU.Build.0 = Debug|Any CPU
		{C1680534-FA12-4C76-A7A4-4F1843D7DCC2}.Release|Any CPU.ActiveCfg = Release|Any CPU
		{C1680534-FA12-4C76-A7A4-4F1843D7DCC2}.Release|Any CPU.Build.0 = Release|Any CPU
		{D2DD2587-B577-487B-BF48-6B364D9958BD}.Debug|Any CPU.ActiveCfg = Debug|Any CPU
		{D2DD2587-B577-487B-BF48-6B364D9958BD}.Debug|Any CPU.Build.0 = Debug|Any CPU
		{D2DD2587-B577-487B-BF48-6B364D9958BD}.Release|Any CPU.ActiveCfg = Release|Any CPU
		{D2DD2587-B577-487B-BF48-6B364D9958BD}.Release|Any CPU.Build.0 = Release|Any CPU
		{EEED9F66-183F-41EA-A07C-14A17C05811F}.Debug|Any CPU.ActiveCfg = Debug|Any CPU
		{EEED9F66-183F-41EA-A07C-14A17C05811F}.Debug|Any CPU.Build.0 = Debug|Any CPU
		{EEED9F66-183F-41EA-A07C-14A17C05811F}.Release|Any CPU.ActiveCfg = Release|Any CPU
		{EEED9F66-183F-41EA-A07C-14A17C05811F}.Release|Any CPU.Build.0 = Release|Any CPU
	EndGlobalSection
	GlobalSection(SolutionProperties) = preSolution
		HideSolutionNode = FALSE
	EndGlobalSection
EndGlobal
