
Microsoft Visual Studio Solution File, Format Version 12.00
# Visual Studio 15
VisualStudioVersion = 15.0.26430.6
MinimumVisualStudioVersion = 10.0.40219.1
Project("{FAE04EC0-301F-11D3-BF4B-00C04F79EFBC}") = "JosephM.Xrm.Autonumber", "JosephM.Xrm.Autonumber\JosephM.Xrm.Autonumber.csproj", "{C1680534-FA12-4C76-A7A4-4F1843D7DCC2}"
EndProject
Project("{FAE04EC0-301F-11D3-BF4B-00C04F79EFBC}") = "JosephM.Xrm.Autonumber.Test", "JosephM.Xrm.Autonumber.Test\JosephM.Xrm.Autonumber.Test.csproj", "{D2DD2587-B577-487B-BF48-6B364D9958BD}"
EndProject
Project("{FAE04EC0-301F-11D3-BF4B-00C04F79EFBC}") = "JosephM.Xrm.Autonumber.WebResources", "JosephM.Xrm.Autonumber.WebResources\JosephM.Xrm.Autonumber.WebResources.csproj", "{FF7409D8-1099-4DBF-BA54-F54D6BFD87C3}"
EndProject
Project("{2150E333-8FDC-42A3-9474-1A3956D46DE8}") = "Customisations", "Customisations", "{088BF962-6C88-410C-AB26-DE56D9B7E831}"
	ProjectSection(SolutionItems) = preProject
		Customisations\Customisations.xlsx = Customisations\Customisations.xlsx
		Customisations\JosephMcGregorAutonumber_1_0_0_0.zip = Customisations\JosephMcGregorAutonumber_1_0_0_0.zip
		Customisations\JosephMcGregorAutonumber_1_0_1_0.zip = Customisations\JosephMcGregorAutonumber_1_0_1_0.zip
	EndProjectSection
EndProject
Project("{2150E333-8FDC-42A3-9474-1A3956D46DE8}") = "Xrm.Vsix", "Xrm.Vsix", "{D7AD33B0-2F6C-414A-98E4-559BA70A884D}"
	ProjectSection(SolutionItems) = preProject
		Xrm.Vsix\joseph.mcgregor-macd.solution.xrmconnection = Xrm.Vsix\joseph.mcgregor-macd.solution.xrmconnection
		Xrm.Vsix\joseph.mcgregor-macd.xrmpackage.xrmsettings = Xrm.Vsix\joseph.mcgregor-macd.xrmpackage.xrmsettings
	EndProjectSection
EndProject
Project("{2150E333-8FDC-42A3-9474-1A3956D46DE8}") = "Releases", "Releases", "{5CB1A192-EECF-4050-8862-1D470B1825C5}"
EndProject
Project("{2150E333-8FDC-42A3-9474-1A3956D46DE8}") = "1.0.2.0", "1.0.2.0", "{227B6842-D728-4AC2-9415-8F0825231F53}"
	ProjectSection(SolutionItems) = preProject
		Releases\1.0.2.0\JosephMcGregorAutonumber_1_0_2_0.zip = Releases\1.0.2.0\JosephMcGregorAutonumber_1_0_2_0.zip
		Releases\1.0.2.0\JosephMcGregorAutonumber_1_0_2_0_managed.zip = Releases\1.0.2.0\JosephMcGregorAutonumber_1_0_2_0_managed.zip
	EndProjectSection
EndProject
Project("{2150E333-8FDC-42A3-9474-1A3956D46DE8}") = "1.0.2.1", "1.0.2.1", "{BBEB84C9-ADF6-4B02-BB85-D6869BC830F8}"
	ProjectSection(SolutionItems) = preProject
		Releases\1.0.2.1\JosephMcGregorAutonumber_1_0_2_1.zip = Releases\1.0.2.1\JosephMcGregorAutonumber_1_0_2_1.zip
		Releases\1.0.2.1\JosephMcGregorAutonumber_1_0_2_1_managed.zip = Releases\1.0.2.1\JosephMcGregorAutonumber_1_0_2_1_managed.zip
	EndProjectSection
EndProject
Global
	GlobalSection(SolutionConfigurationPlatforms) = preSolution
		Debug|Any CPU = Debug|Any CPU
		Release|Any CPU = Release|Any CPU
	EndGlobalSection
	GlobalSection(ProjectConfigurationPlatforms) = postSolution
		{C1680534-FA12-4C76-A7A4-4F1843D7DCC2}.Debug|Any CPU.ActiveCfg = Debug|Any CPU
		{C1680534-FA12-4C76-A7A4-4F1843D7DCC2}.Debug|Any CPU.Build.0 = Debug|Any CPU
		{C1680534-FA12-4C76-A7A4-4F1843D7DCC2}.Release|Any CPU.ActiveCfg = Release|Any CPU
		{C1680534-FA12-4C76-A7A4-4F1843D7DCC2}.Release|Any CPU.Build.0 = Release|Any CPU
		{D2DD2587-B577-487B-BF48-6B364D9958BD}.Debug|Any CPU.ActiveCfg = Debug|Any CPU
		{D2DD2587-B577-487B-BF48-6B364D9958BD}.Debug|Any CPU.Build.0 = Debug|Any CPU
		{D2DD2587-B577-487B-BF48-6B364D9958BD}.Release|Any CPU.ActiveCfg = Release|Any CPU
		{D2DD2587-B577-487B-BF48-6B364D9958BD}.Release|Any CPU.Build.0 = Release|Any CPU
		{FF7409D8-1099-4DBF-BA54-F54D6BFD87C3}.Debug|Any CPU.ActiveCfg = Debug|Any CPU
		{FF7409D8-1099-4DBF-BA54-F54D6BFD87C3}.Debug|Any CPU.Build.0 = Debug|Any CPU
		{FF7409D8-1099-4DBF-BA54-F54D6BFD87C3}.Release|Any CPU.ActiveCfg = Release|Any CPU
		{FF7409D8-1099-4DBF-BA54-F54D6BFD87C3}.Release|Any CPU.Build.0 = Release|Any CPU
	EndGlobalSection
	GlobalSection(SolutionProperties) = preSolution
		HideSolutionNode = FALSE
	EndGlobalSection
	GlobalSection(NestedProjects) = preSolution
		{227B6842-D728-4AC2-9415-8F0825231F53} = {5CB1A192-EECF-4050-8862-1D470B1825C5}
		{BBEB84C9-ADF6-4B02-BB85-D6869BC830F8} = {5CB1A192-EECF-4050-8862-1D470B1825C5}
	EndGlobalSection
	GlobalSection(ExtensibilityGlobals) = postSolution
		SolutionGuid = {794885E0-204F-41E1-B86B-3F7496483143}
	EndGlobalSection
EndGlobal
